
Microsoft Visual Studio Solution File, Format Version 12.00
# Visual Studio Version 17
VisualStudioVersion = 17.4.33403.182
MinimumVisualStudioVersion = 10.0.40219.1
Project("{FAE04EC0-301F-11D3-BF4B-00C04F79EFBC}") = "bilgi yarışması", "bilgi yarışması.csproj", "{6367A180-4937-46E6-ACD4-BEA87E2BB2AE}"
EndProject
Global
	GlobalSection(SolutionConfigurationPlatforms) = preSolution
		Debug|Any CPU = Debug|Any CPU
		Release|Any CPU = Release|Any CPU
	EndGlobalSection
	GlobalSection(ProjectConfigurationPlatforms) = postSolution
		{6367A180-4937-46E6-ACD4-BEA87E2BB2AE}.Debug|Any CPU.ActiveCfg = Debug|Any CPU
		{6367A180-4937-46E6-ACD4-BEA87E2BB2AE}.Debug|Any CPU.Build.0 = Debug|Any CPU
		{6367A180-4937-46E6-ACD4-BEA87E2BB2AE}.Release|Any CPU.ActiveCfg = Release|Any CPU
		{6367A180-4937-46E6-ACD4-BEA87E2BB2AE}.Release|Any CPU.Build.0 = Release|Any CPU
	EndGlobalSection
	GlobalSection(SolutionProperties) = preSolution
		HideSolutionNode = FALSE
	EndGlobalSection
	GlobalSection(ExtensibilityGlobals) = postSolution
		SolutionGuid = {838B862E-1C00-4EDB-AC16-8E34FBA19AB5}
	EndGlobalSection
EndGlobal
